
Microsoft Visual Studio Solution File, Format Version 12.00
Project("{FAE04EC0-301F-11D3-BF4B-00C04F79EFBC}") = "CSharpConsoleApp", "CSharpConsoleApp\CSharpConsoleApp.csproj", "{86414BD5-1BA1-4A27-BC21-2C04B4EA19BE}"
EndProject
Global
	GlobalSection(SolutionConfigurationPlatforms) = preSolution
		Debug|Any CPU = Debug|Any CPU
		Release|Any CPU = Release|Any CPU
	EndGlobalSection
	GlobalSection(ProjectConfigurationPlatforms) = postSolution
		{86414BD5-1BA1-4A27-BC21-2C04B4EA19BE}.Debug|Any CPU.ActiveCfg = Debug|Any CPU
		{86414BD5-1BA1-4A27-BC21-2C04B4EA19BE}.Debug|Any CPU.Build.0 = Debug|Any CPU
		{86414BD5-1BA1-4A27-BC21-2C04B4EA19BE}.Release|Any CPU.ActiveCfg = Release|Any CPU
		{86414BD5-1BA1-4A27-BC21-2C04B4EA19BE}.Release|Any CPU.Build.0 = Release|Any CPU
	EndGlobalSection
EndGlobal
